// !$*UTF8*$!
{
	archiveVersion = 1;
	classes = {
	};
	objectVersion = 56;
	objects = {

/* Begin PBXBuildFile section */
		0E3B691F2B1A6C4700847BB4 /* ClothingObject.swift in Sources */ = {isa = PBXBuildFile; fileRef = 0E3B691E2B1A6C4700847BB4 /* ClothingObject.swift */; };
		0E6B19A82B1D1BFE00ABACFE /* shirt2.jpeg in Resources */ = {isa = PBXBuildFile; fileRef = 0E6B19A62B1D1BFE00ABACFE /* shirt2.jpeg */; };
		0E6B19A92B1D1BFE00ABACFE /* shirt1.jpeg in Resources */ = {isa = PBXBuildFile; fileRef = 0E6B19A72B1D1BFE00ABACFE /* shirt1.jpeg */; };
		421C7D262B1D02B700B1143D /* FeedView.swift in Sources */ = {isa = PBXBuildFile; fileRef = 421C7D252B1D02B600B1143D /* FeedView.swift */; };
		421C7D282B1D080E00B1143D /* SeasonQuestionView.swift in Sources */ = {isa = PBXBuildFile; fileRef = 421C7D272B1D080E00B1143D /* SeasonQuestionView.swift */; };
		421C7D2A2B1D08A700B1143D /* OccasionQuestionView.swift in Sources */ = {isa = PBXBuildFile; fileRef = 421C7D292B1D08A700B1143D /* OccasionQuestionView.swift */; };
		421C7D2C2B1D09DA00B1143D /* ColorQuestionView.swift in Sources */ = {isa = PBXBuildFile; fileRef = 421C7D2B2B1D09DA00B1143D /* ColorQuestionView.swift */; };
		732409AF2B18EBEF0056CA5D /* AddOuterwearView.swift in Sources */ = {isa = PBXBuildFile; fileRef = 7324099A2B18EBEF0056CA5D /* AddOuterwearView.swift */; };
		732409B12B18EBEF0056CA5D /* SUImagePickerView.swift in Sources */ = {isa = PBXBuildFile; fileRef = 7324099C2B18EBEF0056CA5D /* SUImagePickerView.swift */; };
		732409B22B18EBEF0056CA5D /* CameraView.swift in Sources */ = {isa = PBXBuildFile; fileRef = 7324099D2B18EBEF0056CA5D /* CameraView.swift */; };
		732409B32B18EBEF0056CA5D /* ClosetView.swift in Sources */ = {isa = PBXBuildFile; fileRef = 7324099E2B18EBEF0056CA5D /* ClosetView.swift */; };
		732409B42B18EBEF0056CA5D /* OuterWearView.swift in Sources */ = {isa = PBXBuildFile; fileRef = 7324099F2B18EBEF0056CA5D /* OuterWearView.swift */; };
		732409B52B18EBEF0056CA5D /* AddTopsView.swift in Sources */ = {isa = PBXBuildFile; fileRef = 732409A02B18EBEF0056CA5D /* AddTopsView.swift */; };
		732409B62B18EBEF0056CA5D /* AddBottomsView.swift in Sources */ = {isa = PBXBuildFile; fileRef = 732409A12B18EBEF0056CA5D /* AddBottomsView.swift */; };
		732409B72B18EBEF0056CA5D /* AddClothingView.swift in Sources */ = {isa = PBXBuildFile; fileRef = 732409A22B18EBEF0056CA5D /* AddClothingView.swift */; };
		732409B82B18EBEF0056CA5D /* BottomsView.swift in Sources */ = {isa = PBXBuildFile; fileRef = 732409A32B18EBEF0056CA5D /* BottomsView.swift */; };
		732409BA2B18EBEF0056CA5D /* FullBodyView.swift in Sources */ = {isa = PBXBuildFile; fileRef = 732409A52B18EBEF0056CA5D /* FullBodyView.swift */; };
		732409BB2B18EBEF0056CA5D /* ShoesView.swift in Sources */ = {isa = PBXBuildFile; fileRef = 732409A62B18EBEF0056CA5D /* ShoesView.swift */; };
		732409BC2B18EBEF0056CA5D /* MainView.swift in Sources */ = {isa = PBXBuildFile; fileRef = 732409A72B18EBEF0056CA5D /* MainView.swift */; };
		732409BD2B18EBEF0056CA5D /* AccountView.swift in Sources */ = {isa = PBXBuildFile; fileRef = 732409A82B18EBEF0056CA5D /* AccountView.swift */; };
		732409BE2B18EBEF0056CA5D /* AddFullBodyView.swift in Sources */ = {isa = PBXBuildFile; fileRef = 732409A92B18EBEF0056CA5D /* AddFullBodyView.swift */; };
		732409BF2B18EBEF0056CA5D /* CreateOutfitView.swift in Sources */ = {isa = PBXBuildFile; fileRef = 732409AA2B18EBEF0056CA5D /* CreateOutfitView.swift */; };
		732409C02B18EBEF0056CA5D /* AddShoesView.swift in Sources */ = {isa = PBXBuildFile; fileRef = 732409AB2B18EBEF0056CA5D /* AddShoesView.swift */; };
		732409C12B18EBEF0056CA5D /* FitCheckApp.swift in Sources */ = {isa = PBXBuildFile; fileRef = 732409AC2B18EBEF0056CA5D /* FitCheckApp.swift */; };
		732409C22B18EBEF0056CA5D /* TopsView.swift in Sources */ = {isa = PBXBuildFile; fileRef = 732409AD2B18EBEF0056CA5D /* TopsView.swift */; };
		732409C32B18EBEF0056CA5D /* AccessoriesView.swift in Sources */ = {isa = PBXBuildFile; fileRef = 732409AE2B18EBEF0056CA5D /* AccessoriesView.swift */; };
		732409D92B18EC1E0056CA5D /* DressShoesView.swift in Sources */ = {isa = PBXBuildFile; fileRef = 732409C52B18EC1D0056CA5D /* DressShoesView.swift */; };
		732409DA2B18EC1E0056CA5D /* SneakersView.swift in Sources */ = {isa = PBXBuildFile; fileRef = 732409C62B18EC1E0056CA5D /* SneakersView.swift */; };
		732409DB2B18EC1E0056CA5D /* JacketsView.swift in Sources */ = {isa = PBXBuildFile; fileRef = 732409C72B18EC1E0056CA5D /* JacketsView.swift */; };
		732409DC2B18EC1E0056CA5D /* DressesView.swift in Sources */ = {isa = PBXBuildFile; fileRef = 732409C82B18EC1E0056CA5D /* DressesView.swift */; };
		732409DD2B18EC1E0056CA5D /* HatsView.swift in Sources */ = {isa = PBXBuildFile; fileRef = 732409C92B18EC1E0056CA5D /* HatsView.swift */; };
		732409DE2B18EC1E0056CA5D /* LongSkirtsView.swift in Sources */ = {isa = PBXBuildFile; fileRef = 732409CA2B18EC1E0056CA5D /* LongSkirtsView.swift */; };
		732409DF2B18EC1E0056CA5D /* CoatsView.swift in Sources */ = {isa = PBXBuildFile; fileRef = 732409CB2B18EC1E0056CA5D /* CoatsView.swift */; };
		732409E02B18EC1E0056CA5D /* ScarfsView.swift in Sources */ = {isa = PBXBuildFile; fileRef = 732409CC2B18EC1E0056CA5D /* ScarfsView.swift */; };
		732409E12B18EC1E0056CA5D /* JeansView.swift in Sources */ = {isa = PBXBuildFile; fileRef = 732409CD2B18EC1E0056CA5D /* JeansView.swift */; };
		732409E22B18EC1E0056CA5D /* CardiganView.swift in Sources */ = {isa = PBXBuildFile; fileRef = 732409CE2B18EC1E0056CA5D /* CardiganView.swift */; };
		732409E32B18EC1E0056CA5D /* ShortsView.swift in Sources */ = {isa = PBXBuildFile; fileRef = 732409CF2B18EC1E0056CA5D /* ShortsView.swift */; };
		732409E42B18EC1E0056CA5D /* LongSleeveView.swift in Sources */ = {isa = PBXBuildFile; fileRef = 732409D02B18EC1E0056CA5D /* LongSleeveView.swift */; };
		732409E52B18EC1E0056CA5D /* JumpSuitView.swift in Sources */ = {isa = PBXBuildFile; fileRef = 732409D12B18EC1E0056CA5D /* JumpSuitView.swift */; };
		732409E62B18EC1E0056CA5D /* SweaterView.swift in Sources */ = {isa = PBXBuildFile; fileRef = 732409D22B18EC1E0056CA5D /* SweaterView.swift */; };
		732409E72B18EC1E0056CA5D /* ShortSkirtsView.swift in Sources */ = {isa = PBXBuildFile; fileRef = 732409D32B18EC1E0056CA5D /* ShortSkirtsView.swift */; };
		732409E82B18EC1E0056CA5D /* JewleryView.swift in Sources */ = {isa = PBXBuildFile; fileRef = 732409D42B18EC1E0056CA5D /* JewleryView.swift */; };
		732409E92B18EC1E0056CA5D /* TankTopView.swift in Sources */ = {isa = PBXBuildFile; fileRef = 732409D52B18EC1E0056CA5D /* TankTopView.swift */; };
		732409EA2B18EC1E0056CA5D /* VestsView.swift in Sources */ = {isa = PBXBuildFile; fileRef = 732409D62B18EC1E0056CA5D /* VestsView.swift */; };
		732409EB2B18EC1E0056CA5D /* PantsView.swift in Sources */ = {isa = PBXBuildFile; fileRef = 732409D72B18EC1E0056CA5D /* PantsView.swift */; };
		732409EC2B18EC1E0056CA5D /* ShortSleeveView.swift in Sources */ = {isa = PBXBuildFile; fileRef = 732409D82B18EC1E0056CA5D /* ShortSleeveView.swift */; };
		733C7EB02AE1DE7E00CAAAD0 /* Database.swift in Sources */ = {isa = PBXBuildFile; fileRef = 733C7EAF2AE1DE7E00CAAAD0 /* Database.swift */; };
		733C7EB22AE1DE7E00CAAAD0 /* ContentView.swift in Sources */ = {isa = PBXBuildFile; fileRef = 733C7EB12AE1DE7E00CAAAD0 /* ContentView.swift */; };
		733C7EB42AE1DE7F00CAAAD0 /* Assets.xcassets in Resources */ = {isa = PBXBuildFile; fileRef = 733C7EB32AE1DE7F00CAAAD0 /* Assets.xcassets */; };
		733C7EB72AE1DE7F00CAAAD0 /* Preview Assets.xcassets in Resources */ = {isa = PBXBuildFile; fileRef = 733C7EB62AE1DE7F00CAAAD0 /* Preview Assets.xcassets */; };
		733C7EBE2AE1DFDD00CAAAD0 /* GoogleService-Info.plist in Resources */ = {isa = PBXBuildFile; fileRef = 733C7EBD2AE1DFDD00CAAAD0 /* GoogleService-Info.plist */; };
		733C7EC12AE1E03E00CAAAD0 /* FirebaseAnalytics in Frameworks */ = {isa = PBXBuildFile; productRef = 733C7EC02AE1E03E00CAAAD0 /* FirebaseAnalytics */; };
		733C7EC32AE1E03E00CAAAD0 /* FirebaseAnalyticsOnDeviceConversion in Frameworks */ = {isa = PBXBuildFile; productRef = 733C7EC22AE1E03E00CAAAD0 /* FirebaseAnalyticsOnDeviceConversion */; };
		733C7EC52AE1E03E00CAAAD0 /* FirebaseAnalyticsSwift in Frameworks */ = {isa = PBXBuildFile; productRef = 733C7EC42AE1E03E00CAAAD0 /* FirebaseAnalyticsSwift */; };
		733C7EC72AE1E03E00CAAAD0 /* FirebaseAnalyticsWithoutAdIdSupport in Frameworks */ = {isa = PBXBuildFile; productRef = 733C7EC62AE1E03E00CAAAD0 /* FirebaseAnalyticsWithoutAdIdSupport */; };
		733C7EC92AE1E03E00CAAAD0 /* FirebaseAppCheck in Frameworks */ = {isa = PBXBuildFile; productRef = 733C7EC82AE1E03E00CAAAD0 /* FirebaseAppCheck */; };
		733C7ECB2AE1E03E00CAAAD0 /* FirebaseAppDistribution-Beta in Frameworks */ = {isa = PBXBuildFile; productRef = 733C7ECA2AE1E03E00CAAAD0 /* FirebaseAppDistribution-Beta */; };
		733C7ECD2AE1E03E00CAAAD0 /* FirebaseAuth in Frameworks */ = {isa = PBXBuildFile; productRef = 733C7ECC2AE1E03E00CAAAD0 /* FirebaseAuth */; };
		733C7ECF2AE1E03E00CAAAD0 /* FirebaseAuthCombine-Community in Frameworks */ = {isa = PBXBuildFile; productRef = 733C7ECE2AE1E03E00CAAAD0 /* FirebaseAuthCombine-Community */; };
		733C7ED12AE1E03E00CAAAD0 /* FirebaseCrashlytics in Frameworks */ = {isa = PBXBuildFile; productRef = 733C7ED02AE1E03E00CAAAD0 /* FirebaseCrashlytics */; };
		733C7ED32AE1E03E00CAAAD0 /* FirebaseDatabase in Frameworks */ = {isa = PBXBuildFile; productRef = 733C7ED22AE1E03E00CAAAD0 /* FirebaseDatabase */; };
		733C7ED52AE1E03E00CAAAD0 /* FirebaseDatabaseSwift in Frameworks */ = {isa = PBXBuildFile; productRef = 733C7ED42AE1E03E00CAAAD0 /* FirebaseDatabaseSwift */; };
		733C7ED72AE1E03E00CAAAD0 /* FirebaseDynamicLinks in Frameworks */ = {isa = PBXBuildFile; productRef = 733C7ED62AE1E03E00CAAAD0 /* FirebaseDynamicLinks */; };
		733C7ED92AE1E03E00CAAAD0 /* FirebaseFirestore in Frameworks */ = {isa = PBXBuildFile; productRef = 733C7ED82AE1E03E00CAAAD0 /* FirebaseFirestore */; };
		733C7EDB2AE1E03E00CAAAD0 /* FirebaseFirestoreCombine-Community in Frameworks */ = {isa = PBXBuildFile; productRef = 733C7EDA2AE1E03E00CAAAD0 /* FirebaseFirestoreCombine-Community */; };
		733C7EDD2AE1E03E00CAAAD0 /* FirebaseFirestoreSwift in Frameworks */ = {isa = PBXBuildFile; productRef = 733C7EDC2AE1E03E00CAAAD0 /* FirebaseFirestoreSwift */; };
		733C7EDF2AE1E03E00CAAAD0 /* FirebaseFunctions in Frameworks */ = {isa = PBXBuildFile; productRef = 733C7EDE2AE1E03E00CAAAD0 /* FirebaseFunctions */; };
		733C7EE12AE1E03E00CAAAD0 /* FirebaseFunctionsCombine-Community in Frameworks */ = {isa = PBXBuildFile; productRef = 733C7EE02AE1E03E00CAAAD0 /* FirebaseFunctionsCombine-Community */; };
		733C7EE32AE1E03E00CAAAD0 /* FirebaseInAppMessaging-Beta in Frameworks */ = {isa = PBXBuildFile; productRef = 733C7EE22AE1E03E00CAAAD0 /* FirebaseInAppMessaging-Beta */; };
		733C7EE52AE1E03E00CAAAD0 /* FirebaseInAppMessagingSwift-Beta in Frameworks */ = {isa = PBXBuildFile; productRef = 733C7EE42AE1E03E00CAAAD0 /* FirebaseInAppMessagingSwift-Beta */; };
		733C7EE72AE1E03E00CAAAD0 /* FirebaseInstallations in Frameworks */ = {isa = PBXBuildFile; productRef = 733C7EE62AE1E03E00CAAAD0 /* FirebaseInstallations */; };
		733C7EE92AE1E03E00CAAAD0 /* FirebaseMLModelDownloader in Frameworks */ = {isa = PBXBuildFile; productRef = 733C7EE82AE1E03E00CAAAD0 /* FirebaseMLModelDownloader */; };
		733C7EEB2AE1E03E00CAAAD0 /* FirebaseMessaging in Frameworks */ = {isa = PBXBuildFile; productRef = 733C7EEA2AE1E03E00CAAAD0 /* FirebaseMessaging */; };
		733C7EED2AE1E03E00CAAAD0 /* FirebasePerformance in Frameworks */ = {isa = PBXBuildFile; productRef = 733C7EEC2AE1E03E00CAAAD0 /* FirebasePerformance */; };
		733C7EEF2AE1E03E00CAAAD0 /* FirebaseRemoteConfig in Frameworks */ = {isa = PBXBuildFile; productRef = 733C7EEE2AE1E03E00CAAAD0 /* FirebaseRemoteConfig */; };
		733C7EF12AE1E03E00CAAAD0 /* FirebaseRemoteConfigSwift in Frameworks */ = {isa = PBXBuildFile; productRef = 733C7EF02AE1E03E00CAAAD0 /* FirebaseRemoteConfigSwift */; };
		733C7EF32AE1E03E00CAAAD0 /* FirebaseStorage in Frameworks */ = {isa = PBXBuildFile; productRef = 733C7EF22AE1E03E00CAAAD0 /* FirebaseStorage */; };
		733C7EF52AE1E03E00CAAAD0 /* FirebaseStorageCombine-Community in Frameworks */ = {isa = PBXBuildFile; productRef = 733C7EF42AE1E03E00CAAAD0 /* FirebaseStorageCombine-Community */; };
		735FC4102AF3E9D700487DD3 /* UserInfo.swift in Sources */ = {isa = PBXBuildFile; fileRef = 735FC40F2AF3E9D700487DD3 /* UserInfo.swift */; };
		735FC4122AF3EC7400487DD3 /* TopView.swift in Sources */ = {isa = PBXBuildFile; fileRef = 735FC4112AF3EC7400487DD3 /* TopView.swift */; };
		737C7D9D2AF9E2AB00B67F0D /* UserManager.swift in Sources */ = {isa = PBXBuildFile; fileRef = 737C7D9C2AF9E2AB00B67F0D /* UserManager.swift */; };
		738DA4472AF15B490035117C /* HomeView.swift in Sources */ = {isa = PBXBuildFile; fileRef = 738DA4462AF15B490035117C /* HomeView.swift */; };
		738DA4492AF16D400035117C /* CreateAcc.swift in Sources */ = {isa = PBXBuildFile; fileRef = 738DA4482AF16D400035117C /* CreateAcc.swift */; };
		73F9BE372AE316F200E59C25 /* LoginView.swift in Sources */ = {isa = PBXBuildFile; fileRef = 73F9BE362AE316F200E59C25 /* LoginView.swift */; };
		73F9BE392AE31AF500E59C25 /* LoginEmail.swift in Sources */ = {isa = PBXBuildFile; fileRef = 73F9BE382AE31AF500E59C25 /* LoginEmail.swift */; };
		73F9BE3B2AE31E1D00E59C25 /* LoginManager.swift in Sources */ = {isa = PBXBuildFile; fileRef = 73F9BE3A2AE31E1D00E59C25 /* LoginManager.swift */; };
		73F9BE3F2AE3278D00E59C25 /* RootView.swift in Sources */ = {isa = PBXBuildFile; fileRef = 73F9BE3E2AE3278D00E59C25 /* RootView.swift */; };
/* End PBXBuildFile section */

/* Begin PBXFileReference section */
		0E3B691E2B1A6C4700847BB4 /* ClothingObject.swift */ = {isa = PBXFileReference; lastKnownFileType = sourcecode.swift; path = ClothingObject.swift; sourceTree = "<group>"; };
		0E6B19A62B1D1BFE00ABACFE /* shirt2.jpeg */ = {isa = PBXFileReference; lastKnownFileType = image.jpeg; name = shirt2.jpeg; path = "../../../../../FitCheck copy/Backend/Frontend/Views/assets/shirt2.jpeg"; sourceTree = "<group>"; };
		0E6B19A72B1D1BFE00ABACFE /* shirt1.jpeg */ = {isa = PBXFileReference; lastKnownFileType = image.jpeg; name = shirt1.jpeg; path = "../../../../../FitCheck copy/Backend/Frontend/Views/assets/shirt1.jpeg"; sourceTree = "<group>"; };
		421C7D252B1D02B600B1143D /* FeedView.swift */ = {isa = PBXFileReference; lastKnownFileType = sourcecode.swift; path = FeedView.swift; sourceTree = "<group>"; };
		421C7D272B1D080E00B1143D /* SeasonQuestionView.swift */ = {isa = PBXFileReference; lastKnownFileType = sourcecode.swift; path = SeasonQuestionView.swift; sourceTree = "<group>"; };
		421C7D292B1D08A700B1143D /* OccasionQuestionView.swift */ = {isa = PBXFileReference; lastKnownFileType = sourcecode.swift; path = OccasionQuestionView.swift; sourceTree = "<group>"; };
		421C7D2B2B1D09DA00B1143D /* ColorQuestionView.swift */ = {isa = PBXFileReference; lastKnownFileType = sourcecode.swift; path = ColorQuestionView.swift; sourceTree = "<group>"; };
		7324099A2B18EBEF0056CA5D /* AddOuterwearView.swift */ = {isa = PBXFileReference; fileEncoding = 4; lastKnownFileType = sourcecode.swift; path = AddOuterwearView.swift; sourceTree = "<group>"; };
		7324099C2B18EBEF0056CA5D /* SUImagePickerView.swift */ = {isa = PBXFileReference; fileEncoding = 4; lastKnownFileType = sourcecode.swift; path = SUImagePickerView.swift; sourceTree = "<group>"; };
		7324099D2B18EBEF0056CA5D /* CameraView.swift */ = {isa = PBXFileReference; fileEncoding = 4; lastKnownFileType = sourcecode.swift; path = CameraView.swift; sourceTree = "<group>"; };
		7324099E2B18EBEF0056CA5D /* ClosetView.swift */ = {isa = PBXFileReference; fileEncoding = 4; lastKnownFileType = sourcecode.swift; path = ClosetView.swift; sourceTree = "<group>"; };
		7324099F2B18EBEF0056CA5D /* OuterWearView.swift */ = {isa = PBXFileReference; fileEncoding = 4; lastKnownFileType = sourcecode.swift; path = OuterWearView.swift; sourceTree = "<group>"; };
		732409A02B18EBEF0056CA5D /* AddTopsView.swift */ = {isa = PBXFileReference; fileEncoding = 4; lastKnownFileType = sourcecode.swift; path = AddTopsView.swift; sourceTree = "<group>"; };
		732409A12B18EBEF0056CA5D /* AddBottomsView.swift */ = {isa = PBXFileReference; fileEncoding = 4; lastKnownFileType = sourcecode.swift; path = AddBottomsView.swift; sourceTree = "<group>"; };
		732409A22B18EBEF0056CA5D /* AddClothingView.swift */ = {isa = PBXFileReference; fileEncoding = 4; lastKnownFileType = sourcecode.swift; path = AddClothingView.swift; sourceTree = "<group>"; };
		732409A32B18EBEF0056CA5D /* BottomsView.swift */ = {isa = PBXFileReference; fileEncoding = 4; lastKnownFileType = sourcecode.swift; path = BottomsView.swift; sourceTree = "<group>"; };
		732409A52B18EBEF0056CA5D /* FullBodyView.swift */ = {isa = PBXFileReference; fileEncoding = 4; lastKnownFileType = sourcecode.swift; path = FullBodyView.swift; sourceTree = "<group>"; };
		732409A62B18EBEF0056CA5D /* ShoesView.swift */ = {isa = PBXFileReference; fileEncoding = 4; lastKnownFileType = sourcecode.swift; path = ShoesView.swift; sourceTree = "<group>"; };
		732409A72B18EBEF0056CA5D /* MainView.swift */ = {isa = PBXFileReference; fileEncoding = 4; lastKnownFileType = sourcecode.swift; path = MainView.swift; sourceTree = "<group>"; };
		732409A82B18EBEF0056CA5D /* AccountView.swift */ = {isa = PBXFileReference; fileEncoding = 4; lastKnownFileType = sourcecode.swift; path = AccountView.swift; sourceTree = "<group>"; };
		732409A92B18EBEF0056CA5D /* AddFullBodyView.swift */ = {isa = PBXFileReference; fileEncoding = 4; lastKnownFileType = sourcecode.swift; path = AddFullBodyView.swift; sourceTree = "<group>"; };
		732409AA2B18EBEF0056CA5D /* CreateOutfitView.swift */ = {isa = PBXFileReference; fileEncoding = 4; lastKnownFileType = sourcecode.swift; path = CreateOutfitView.swift; sourceTree = "<group>"; };
		732409AB2B18EBEF0056CA5D /* AddShoesView.swift */ = {isa = PBXFileReference; fileEncoding = 4; lastKnownFileType = sourcecode.swift; path = AddShoesView.swift; sourceTree = "<group>"; };
		732409AC2B18EBEF0056CA5D /* FitCheckApp.swift */ = {isa = PBXFileReference; fileEncoding = 4; lastKnownFileType = sourcecode.swift; path = FitCheckApp.swift; sourceTree = "<group>"; };
		732409AD2B18EBEF0056CA5D /* TopsView.swift */ = {isa = PBXFileReference; fileEncoding = 4; lastKnownFileType = sourcecode.swift; path = TopsView.swift; sourceTree = "<group>"; };
		732409AE2B18EBEF0056CA5D /* AccessoriesView.swift */ = {isa = PBXFileReference; fileEncoding = 4; lastKnownFileType = sourcecode.swift; path = AccessoriesView.swift; sourceTree = "<group>"; };
		732409C52B18EC1D0056CA5D /* DressShoesView.swift */ = {isa = PBXFileReference; fileEncoding = 4; lastKnownFileType = sourcecode.swift; path = DressShoesView.swift; sourceTree = "<group>"; };
		732409C62B18EC1E0056CA5D /* SneakersView.swift */ = {isa = PBXFileReference; fileEncoding = 4; lastKnownFileType = sourcecode.swift; path = SneakersView.swift; sourceTree = "<group>"; };
		732409C72B18EC1E0056CA5D /* JacketsView.swift */ = {isa = PBXFileReference; fileEncoding = 4; lastKnownFileType = sourcecode.swift; path = JacketsView.swift; sourceTree = "<group>"; };
		732409C82B18EC1E0056CA5D /* DressesView.swift */ = {isa = PBXFileReference; fileEncoding = 4; lastKnownFileType = sourcecode.swift; path = DressesView.swift; sourceTree = "<group>"; };
		732409C92B18EC1E0056CA5D /* HatsView.swift */ = {isa = PBXFileReference; fileEncoding = 4; lastKnownFileType = sourcecode.swift; path = HatsView.swift; sourceTree = "<group>"; };
		732409CA2B18EC1E0056CA5D /* LongSkirtsView.swift */ = {isa = PBXFileReference; fileEncoding = 4; lastKnownFileType = sourcecode.swift; path = LongSkirtsView.swift; sourceTree = "<group>"; };
		732409CB2B18EC1E0056CA5D /* CoatsView.swift */ = {isa = PBXFileReference; fileEncoding = 4; lastKnownFileType = sourcecode.swift; path = CoatsView.swift; sourceTree = "<group>"; };
		732409CC2B18EC1E0056CA5D /* ScarfsView.swift */ = {isa = PBXFileReference; fileEncoding = 4; lastKnownFileType = sourcecode.swift; path = ScarfsView.swift; sourceTree = "<group>"; };
		732409CD2B18EC1E0056CA5D /* JeansView.swift */ = {isa = PBXFileReference; fileEncoding = 4; lastKnownFileType = sourcecode.swift; path = JeansView.swift; sourceTree = "<group>"; };
		732409CE2B18EC1E0056CA5D /* CardiganView.swift */ = {isa = PBXFileReference; fileEncoding = 4; lastKnownFileType = sourcecode.swift; path = CardiganView.swift; sourceTree = "<group>"; };
		732409CF2B18EC1E0056CA5D /* ShortsView.swift */ = {isa = PBXFileReference; fileEncoding = 4; lastKnownFileType = sourcecode.swift; path = ShortsView.swift; sourceTree = "<group>"; };
		732409D02B18EC1E0056CA5D /* LongSleeveView.swift */ = {isa = PBXFileReference; fileEncoding = 4; lastKnownFileType = sourcecode.swift; path = LongSleeveView.swift; sourceTree = "<group>"; };
		732409D12B18EC1E0056CA5D /* JumpSuitView.swift */ = {isa = PBXFileReference; fileEncoding = 4; lastKnownFileType = sourcecode.swift; path = JumpSuitView.swift; sourceTree = "<group>"; };
		732409D22B18EC1E0056CA5D /* SweaterView.swift */ = {isa = PBXFileReference; fileEncoding = 4; lastKnownFileType = sourcecode.swift; path = SweaterView.swift; sourceTree = "<group>"; };
		732409D32B18EC1E0056CA5D /* ShortSkirtsView.swift */ = {isa = PBXFileReference; fileEncoding = 4; lastKnownFileType = sourcecode.swift; path = ShortSkirtsView.swift; sourceTree = "<group>"; };
		732409D42B18EC1E0056CA5D /* JewleryView.swift */ = {isa = PBXFileReference; fileEncoding = 4; lastKnownFileType = sourcecode.swift; path = JewleryView.swift; sourceTree = "<group>"; };
		732409D52B18EC1E0056CA5D /* TankTopView.swift */ = {isa = PBXFileReference; fileEncoding = 4; lastKnownFileType = sourcecode.swift; path = TankTopView.swift; sourceTree = "<group>"; };
		732409D62B18EC1E0056CA5D /* VestsView.swift */ = {isa = PBXFileReference; fileEncoding = 4; lastKnownFileType = sourcecode.swift; path = VestsView.swift; sourceTree = "<group>"; };
		732409D72B18EC1E0056CA5D /* PantsView.swift */ = {isa = PBXFileReference; fileEncoding = 4; lastKnownFileType = sourcecode.swift; path = PantsView.swift; sourceTree = "<group>"; };
		732409D82B18EC1E0056CA5D /* ShortSleeveView.swift */ = {isa = PBXFileReference; fileEncoding = 4; lastKnownFileType = sourcecode.swift; path = ShortSleeveView.swift; sourceTree = "<group>"; };
		733C7EAC2AE1DE7D00CAAAD0 /* FitCheck.app */ = {isa = PBXFileReference; explicitFileType = wrapper.application; includeInIndex = 0; path = FitCheck.app; sourceTree = BUILT_PRODUCTS_DIR; };
		733C7EAF2AE1DE7E00CAAAD0 /* Database.swift */ = {isa = PBXFileReference; lastKnownFileType = sourcecode.swift; path = Database.swift; sourceTree = "<group>"; };
		733C7EB12AE1DE7E00CAAAD0 /* ContentView.swift */ = {isa = PBXFileReference; lastKnownFileType = sourcecode.swift; path = ContentView.swift; sourceTree = "<group>"; };
		733C7EB32AE1DE7F00CAAAD0 /* Assets.xcassets */ = {isa = PBXFileReference; lastKnownFileType = folder.assetcatalog; path = Assets.xcassets; sourceTree = "<group>"; };
		733C7EB62AE1DE7F00CAAAD0 /* Preview Assets.xcassets */ = {isa = PBXFileReference; lastKnownFileType = folder.assetcatalog; path = "Preview Assets.xcassets"; sourceTree = "<group>"; };
		733C7EBD2AE1DFDD00CAAAD0 /* GoogleService-Info.plist */ = {isa = PBXFileReference; fileEncoding = 4; lastKnownFileType = text.plist.xml; path = "GoogleService-Info.plist"; sourceTree = "<group>"; };
		734D9BD42AFD30E3003A39D9 /* Info.plist */ = {isa = PBXFileReference; lastKnownFileType = text.plist; path = Info.plist; sourceTree = "<group>"; };
		735FC40F2AF3E9D700487DD3 /* UserInfo.swift */ = {isa = PBXFileReference; lastKnownFileType = sourcecode.swift; path = UserInfo.swift; sourceTree = "<group>"; };
		735FC4112AF3EC7400487DD3 /* TopView.swift */ = {isa = PBXFileReference; lastKnownFileType = sourcecode.swift; path = TopView.swift; sourceTree = "<group>"; };
		737C7D9C2AF9E2AB00B67F0D /* UserManager.swift */ = {isa = PBXFileReference; lastKnownFileType = sourcecode.swift; path = UserManager.swift; sourceTree = "<group>"; };
		738DA4462AF15B490035117C /* HomeView.swift */ = {isa = PBXFileReference; lastKnownFileType = sourcecode.swift; path = HomeView.swift; sourceTree = "<group>"; };
		738DA4482AF16D400035117C /* CreateAcc.swift */ = {isa = PBXFileReference; lastKnownFileType = sourcecode.swift; path = CreateAcc.swift; sourceTree = "<group>"; };
		73F9BE362AE316F200E59C25 /* LoginView.swift */ = {isa = PBXFileReference; lastKnownFileType = sourcecode.swift; path = LoginView.swift; sourceTree = "<group>"; };
		73F9BE382AE31AF500E59C25 /* LoginEmail.swift */ = {isa = PBXFileReference; lastKnownFileType = sourcecode.swift; path = LoginEmail.swift; sourceTree = "<group>"; };
		73F9BE3A2AE31E1D00E59C25 /* LoginManager.swift */ = {isa = PBXFileReference; lastKnownFileType = sourcecode.swift; path = LoginManager.swift; sourceTree = "<group>"; };
		73F9BE3E2AE3278D00E59C25 /* RootView.swift */ = {isa = PBXFileReference; lastKnownFileType = sourcecode.swift; path = RootView.swift; sourceTree = "<group>"; };
/* End PBXFileReference section */

/* Begin PBXFrameworksBuildPhase section */
		733C7EA92AE1DE7D00CAAAD0 /* Frameworks */ = {
			isa = PBXFrameworksBuildPhase;
			buildActionMask = 2147483647;
			files = (
				733C7ED32AE1E03E00CAAAD0 /* FirebaseDatabase in Frameworks */,
				733C7EE12AE1E03E00CAAAD0 /* FirebaseFunctionsCombine-Community in Frameworks */,
				733C7ED92AE1E03E00CAAAD0 /* FirebaseFirestore in Frameworks */,
				733C7EC52AE1E03E00CAAAD0 /* FirebaseAnalyticsSwift in Frameworks */,
				733C7EC12AE1E03E00CAAAD0 /* FirebaseAnalytics in Frameworks */,
				733C7EC32AE1E03E00CAAAD0 /* FirebaseAnalyticsOnDeviceConversion in Frameworks */,
				733C7EE92AE1E03E00CAAAD0 /* FirebaseMLModelDownloader in Frameworks */,
				733C7EDD2AE1E03E00CAAAD0 /* FirebaseFirestoreSwift in Frameworks */,
				733C7EC92AE1E03E00CAAAD0 /* FirebaseAppCheck in Frameworks */,
				733C7EC72AE1E03E00CAAAD0 /* FirebaseAnalyticsWithoutAdIdSupport in Frameworks */,
				733C7ECD2AE1E03E00CAAAD0 /* FirebaseAuth in Frameworks */,
				733C7ED12AE1E03E00CAAAD0 /* FirebaseCrashlytics in Frameworks */,
				733C7EF12AE1E03E00CAAAD0 /* FirebaseRemoteConfigSwift in Frameworks */,
				733C7EE32AE1E03E00CAAAD0 /* FirebaseInAppMessaging-Beta in Frameworks */,
				733C7ED52AE1E03E00CAAAD0 /* FirebaseDatabaseSwift in Frameworks */,
				733C7EDF2AE1E03E00CAAAD0 /* FirebaseFunctions in Frameworks */,
				733C7EF52AE1E03E00CAAAD0 /* FirebaseStorageCombine-Community in Frameworks */,
				733C7EEF2AE1E03E00CAAAD0 /* FirebaseRemoteConfig in Frameworks */,
				733C7ECB2AE1E03E00CAAAD0 /* FirebaseAppDistribution-Beta in Frameworks */,
				733C7ECF2AE1E03E00CAAAD0 /* FirebaseAuthCombine-Community in Frameworks */,
				733C7EED2AE1E03E00CAAAD0 /* FirebasePerformance in Frameworks */,
				733C7EE52AE1E03E00CAAAD0 /* FirebaseInAppMessagingSwift-Beta in Frameworks */,
				733C7EF32AE1E03E00CAAAD0 /* FirebaseStorage in Frameworks */,
				733C7ED72AE1E03E00CAAAD0 /* FirebaseDynamicLinks in Frameworks */,
				733C7EDB2AE1E03E00CAAAD0 /* FirebaseFirestoreCombine-Community in Frameworks */,
				733C7EEB2AE1E03E00CAAAD0 /* FirebaseMessaging in Frameworks */,
				733C7EE72AE1E03E00CAAAD0 /* FirebaseInstallations in Frameworks */,
			);
			runOnlyForDeploymentPostprocessing = 0;
		};
/* End PBXFrameworksBuildPhase section */

/* Begin PBXGroup section */
		0E6B19A52B1D1BEB00ABACFE /* assets */ = {
			isa = PBXGroup;
			children = (
				0E6B19A72B1D1BFE00ABACFE /* shirt1.jpeg */,
				0E6B19A62B1D1BFE00ABACFE /* shirt2.jpeg */,
			);
			path = assets;
			sourceTree = "<group>";
		};
		732409992B18EBDC0056CA5D /* Frontend */ = {
			isa = PBXGroup;
			children = (
				732409C42B18EC140056CA5D /* Views */,
				732409AE2B18EBEF0056CA5D /* AccessoriesView.swift */,
				732409A82B18EBEF0056CA5D /* AccountView.swift */,
				732409A12B18EBEF0056CA5D /* AddBottomsView.swift */,
				732409A22B18EBEF0056CA5D /* AddClothingView.swift */,
				732409A92B18EBEF0056CA5D /* AddFullBodyView.swift */,
				7324099A2B18EBEF0056CA5D /* AddOuterwearView.swift */,
				732409AB2B18EBEF0056CA5D /* AddShoesView.swift */,
				732409A02B18EBEF0056CA5D /* AddTopsView.swift */,
				732409A32B18EBEF0056CA5D /* BottomsView.swift */,
				7324099D2B18EBEF0056CA5D /* CameraView.swift */,
				7324099E2B18EBEF0056CA5D /* ClosetView.swift */,
				732409AA2B18EBEF0056CA5D /* CreateOutfitView.swift */,
				732409AC2B18EBEF0056CA5D /* FitCheckApp.swift */,
				732409A52B18EBEF0056CA5D /* FullBodyView.swift */,
				732409A72B18EBEF0056CA5D /* MainView.swift */,
				421C7D252B1D02B600B1143D /* FeedView.swift */,
				421C7D272B1D080E00B1143D /* SeasonQuestionView.swift */,
				421C7D292B1D08A700B1143D /* OccasionQuestionView.swift */,
				421C7D2B2B1D09DA00B1143D /* ColorQuestionView.swift */,
				7324099F2B18EBEF0056CA5D /* OuterWearView.swift */,
				732409A62B18EBEF0056CA5D /* ShoesView.swift */,
				7324099C2B18EBEF0056CA5D /* SUImagePickerView.swift */,
				732409AD2B18EBEF0056CA5D /* TopsView.swift */,
			);
			path = Frontend;
			sourceTree = "<group>";
		};
		732409C42B18EC140056CA5D /* Views */ = {
			isa = PBXGroup;
			children = (
				0E6B19A52B1D1BEB00ABACFE /* assets */,
				732409CE2B18EC1E0056CA5D /* CardiganView.swift */,
				732409CB2B18EC1E0056CA5D /* CoatsView.swift */,
				732409C82B18EC1E0056CA5D /* DressesView.swift */,
				732409C52B18EC1D0056CA5D /* DressShoesView.swift */,
				732409C92B18EC1E0056CA5D /* HatsView.swift */,
				732409C72B18EC1E0056CA5D /* JacketsView.swift */,
				732409CD2B18EC1E0056CA5D /* JeansView.swift */,
				732409D42B18EC1E0056CA5D /* JewleryView.swift */,
				732409D12B18EC1E0056CA5D /* JumpSuitView.swift */,
				732409CA2B18EC1E0056CA5D /* LongSkirtsView.swift */,
				732409D02B18EC1E0056CA5D /* LongSleeveView.swift */,
				732409D72B18EC1E0056CA5D /* PantsView.swift */,
				732409CC2B18EC1E0056CA5D /* ScarfsView.swift */,
				732409D32B18EC1E0056CA5D /* ShortSkirtsView.swift */,
				732409D82B18EC1E0056CA5D /* ShortSleeveView.swift */,
				732409CF2B18EC1E0056CA5D /* ShortsView.swift */,
				732409C62B18EC1E0056CA5D /* SneakersView.swift */,
				732409D22B18EC1E0056CA5D /* SweaterView.swift */,
				732409D52B18EC1E0056CA5D /* TankTopView.swift */,
				732409D62B18EC1E0056CA5D /* VestsView.swift */,
			);
			path = Views;
			sourceTree = "<group>";
		};
		733C7EA32AE1DE7D00CAAAD0 = {
			isa = PBXGroup;
			children = (
				733C7EAE2AE1DE7D00CAAAD0 /* Backend */,
				733C7EAD2AE1DE7D00CAAAD0 /* Products */,
				737C7D9A2AF9E0C500B67F0D /* Frameworks */,
			);
			sourceTree = "<group>";
		};
		733C7EAD2AE1DE7D00CAAAD0 /* Products */ = {
			isa = PBXGroup;
			children = (
				733C7EAC2AE1DE7D00CAAAD0 /* FitCheck.app */,
			);
			name = Products;
			sourceTree = "<group>";
		};
		733C7EAE2AE1DE7D00CAAAD0 /* Backend */ = {
			isa = PBXGroup;
			children = (
				732409992B18EBDC0056CA5D /* Frontend */,
				737C7D9C2AF9E2AB00B67F0D /* UserManager.swift */,
				734D9BD42AFD30E3003A39D9 /* Info.plist */,
				733C7EAF2AE1DE7E00CAAAD0 /* Database.swift */,
				738DA4462AF15B490035117C /* HomeView.swift */,
				73F9BE352AE316CC00E59C25 /* Authentication */,
				733C7EB12AE1DE7E00CAAAD0 /* ContentView.swift */,
				733C7EBD2AE1DFDD00CAAAD0 /* GoogleService-Info.plist */,
				733C7EB32AE1DE7F00CAAAD0 /* Assets.xcassets */,
				733C7EB52AE1DE7F00CAAAD0 /* Preview Content */,
				735FC40F2AF3E9D700487DD3 /* UserInfo.swift */,
				0E3B691E2B1A6C4700847BB4 /* ClothingObject.swift */,
				735FC4112AF3EC7400487DD3 /* TopView.swift */,
			);
			path = Backend;
			sourceTree = "<group>";
		};
		733C7EB52AE1DE7F00CAAAD0 /* Preview Content */ = {
			isa = PBXGroup;
			children = (
				733C7EB62AE1DE7F00CAAAD0 /* Preview Assets.xcassets */,
			);
			path = "Preview Content";
			sourceTree = "<group>";
		};
		737C7D9A2AF9E0C500B67F0D /* Frameworks */ = {
			isa = PBXGroup;
			children = (
			);
			name = Frameworks;
			sourceTree = "<group>";
		};
		73F9BE352AE316CC00E59C25 /* Authentication */ = {
			isa = PBXGroup;
			children = (
				73F9BE362AE316F200E59C25 /* LoginView.swift */,
				73F9BE382AE31AF500E59C25 /* LoginEmail.swift */,
				73F9BE3A2AE31E1D00E59C25 /* LoginManager.swift */,
				73F9BE3E2AE3278D00E59C25 /* RootView.swift */,
				738DA4482AF16D400035117C /* CreateAcc.swift */,
			);
			path = Authentication;
			sourceTree = "<group>";
		};
/* End PBXGroup section */

/* Begin PBXNativeTarget section */
		733C7EAB2AE1DE7D00CAAAD0 /* FitCheck */ = {
			isa = PBXNativeTarget;
			buildConfigurationList = 733C7EBA2AE1DE7F00CAAAD0 /* Build configuration list for PBXNativeTarget "FitCheck" */;
			buildPhases = (
				733C7EA82AE1DE7D00CAAAD0 /* Sources */,
				733C7EA92AE1DE7D00CAAAD0 /* Frameworks */,
				733C7EAA2AE1DE7D00CAAAD0 /* Resources */,
			);
			buildRules = (
			);
			dependencies = (
			);
			name = FitCheck;
			packageProductDependencies = (
				733C7EC02AE1E03E00CAAAD0 /* FirebaseAnalytics */,
				733C7EC22AE1E03E00CAAAD0 /* FirebaseAnalyticsOnDeviceConversion */,
				733C7EC42AE1E03E00CAAAD0 /* FirebaseAnalyticsSwift */,
				733C7EC62AE1E03E00CAAAD0 /* FirebaseAnalyticsWithoutAdIdSupport */,
				733C7EC82AE1E03E00CAAAD0 /* FirebaseAppCheck */,
				733C7ECA2AE1E03E00CAAAD0 /* FirebaseAppDistribution-Beta */,
				733C7ECC2AE1E03E00CAAAD0 /* FirebaseAuth */,
				733C7ECE2AE1E03E00CAAAD0 /* FirebaseAuthCombine-Community */,
				733C7ED02AE1E03E00CAAAD0 /* FirebaseCrashlytics */,
				733C7ED22AE1E03E00CAAAD0 /* FirebaseDatabase */,
				733C7ED42AE1E03E00CAAAD0 /* FirebaseDatabaseSwift */,
				733C7ED62AE1E03E00CAAAD0 /* FirebaseDynamicLinks */,
				733C7ED82AE1E03E00CAAAD0 /* FirebaseFirestore */,
				733C7EDA2AE1E03E00CAAAD0 /* FirebaseFirestoreCombine-Community */,
				733C7EDC2AE1E03E00CAAAD0 /* FirebaseFirestoreSwift */,
				733C7EDE2AE1E03E00CAAAD0 /* FirebaseFunctions */,
				733C7EE02AE1E03E00CAAAD0 /* FirebaseFunctionsCombine-Community */,
				733C7EE22AE1E03E00CAAAD0 /* FirebaseInAppMessaging-Beta */,
				733C7EE42AE1E03E00CAAAD0 /* FirebaseInAppMessagingSwift-Beta */,
				733C7EE62AE1E03E00CAAAD0 /* FirebaseInstallations */,
				733C7EE82AE1E03E00CAAAD0 /* FirebaseMLModelDownloader */,
				733C7EEA2AE1E03E00CAAAD0 /* FirebaseMessaging */,
				733C7EEC2AE1E03E00CAAAD0 /* FirebasePerformance */,
				733C7EEE2AE1E03E00CAAAD0 /* FirebaseRemoteConfig */,
				733C7EF02AE1E03E00CAAAD0 /* FirebaseRemoteConfigSwift */,
				733C7EF22AE1E03E00CAAAD0 /* FirebaseStorage */,
				733C7EF42AE1E03E00CAAAD0 /* FirebaseStorageCombine-Community */,
			);
			productName = backend;
			productReference = 733C7EAC2AE1DE7D00CAAAD0 /* FitCheck.app */;
			productType = "com.apple.product-type.application";
		};
/* End PBXNativeTarget section */

/* Begin PBXProject section */
		733C7EA42AE1DE7D00CAAAD0 /* Project object */ = {
			isa = PBXProject;
			attributes = {
				BuildIndependentTargetsInParallel = 1;
				LastSwiftUpdateCheck = 1500;
				LastUpgradeCheck = 1500;
				TargetAttributes = {
					733C7EAB2AE1DE7D00CAAAD0 = {
						CreatedOnToolsVersion = 15.0;
					};
				};
			};
			buildConfigurationList = 733C7EA72AE1DE7D00CAAAD0 /* Build configuration list for PBXProject "FitCheck" */;
			compatibilityVersion = "Xcode 14.0";
			developmentRegion = en;
			hasScannedForEncodings = 0;
			knownRegions = (
				en,
				Base,
			);
			mainGroup = 733C7EA32AE1DE7D00CAAAD0;
			packageReferences = (
				733C7EBF2AE1E03E00CAAAD0 /* XCRemoteSwiftPackageReference "firebase-ios-sdk" */,
			);
			productRefGroup = 733C7EAD2AE1DE7D00CAAAD0 /* Products */;
			projectDirPath = "";
			projectRoot = "";
			targets = (
				733C7EAB2AE1DE7D00CAAAD0 /* FitCheck */,
			);
		};
/* End PBXProject section */

/* Begin PBXResourcesBuildPhase section */
		733C7EAA2AE1DE7D00CAAAD0 /* Resources */ = {
			isa = PBXResourcesBuildPhase;
			buildActionMask = 2147483647;
			files = (
				733C7EB72AE1DE7F00CAAAD0 /* Preview Assets.xcassets in Resources */,
				0E6B19A92B1D1BFE00ABACFE /* shirt1.jpeg in Resources */,
				733C7EB42AE1DE7F00CAAAD0 /* Assets.xcassets in Resources */,
				733C7EBE2AE1DFDD00CAAAD0 /* GoogleService-Info.plist in Resources */,
				0E6B19A82B1D1BFE00ABACFE /* shirt2.jpeg in Resources */,
			);
			runOnlyForDeploymentPostprocessing = 0;
		};
/* End PBXResourcesBuildPhase section */

/* Begin PBXSourcesBuildPhase section */
		733C7EA82AE1DE7D00CAAAD0 /* Sources */ = {
			isa = PBXSourcesBuildPhase;
			buildActionMask = 2147483647;
			files = (
				732409B82B18EBEF0056CA5D /* BottomsView.swift in Sources */,
				732409D92B18EC1E0056CA5D /* DressShoesView.swift in Sources */,
				732409B32B18EBEF0056CA5D /* ClosetView.swift in Sources */,
				732409BF2B18EBEF0056CA5D /* CreateOutfitView.swift in Sources */,
				732409E72B18EC1E0056CA5D /* ShortSkirtsView.swift in Sources */,
				73F9BE3B2AE31E1D00E59C25 /* LoginManager.swift in Sources */,
				732409EC2B18EC1E0056CA5D /* ShortSleeveView.swift in Sources */,
				732409EB2B18EC1E0056CA5D /* PantsView.swift in Sources */,
				738DA4472AF15B490035117C /* HomeView.swift in Sources */,
				732409E52B18EC1E0056CA5D /* JumpSuitView.swift in Sources */,
				732409DF2B18EC1E0056CA5D /* CoatsView.swift in Sources */,
				732409E02B18EC1E0056CA5D /* ScarfsView.swift in Sources */,
				73F9BE392AE31AF500E59C25 /* LoginEmail.swift in Sources */,
				732409DA2B18EC1E0056CA5D /* SneakersView.swift in Sources */,
				732409BE2B18EBEF0056CA5D /* AddFullBodyView.swift in Sources */,
				0E3B691F2B1A6C4700847BB4 /* ClothingObject.swift in Sources */,
				732409C12B18EBEF0056CA5D /* FitCheckApp.swift in Sources */,
				732409B22B18EBEF0056CA5D /* CameraView.swift in Sources */,
				732409E12B18EC1E0056CA5D /* JeansView.swift in Sources */,
				732409DE2B18EC1E0056CA5D /* LongSkirtsView.swift in Sources */,
				732409AF2B18EBEF0056CA5D /* AddOuterwearView.swift in Sources */,
				421C7D2A2B1D08A700B1143D /* OccasionQuestionView.swift in Sources */,
				73F9BE3F2AE3278D00E59C25 /* RootView.swift in Sources */,
				73F9BE372AE316F200E59C25 /* LoginView.swift in Sources */,
				732409DB2B18EC1E0056CA5D /* JacketsView.swift in Sources */,
				733C7EB22AE1DE7E00CAAAD0 /* ContentView.swift in Sources */,
				735FC4122AF3EC7400487DD3 /* TopView.swift in Sources */,
				732409DD2B18EC1E0056CA5D /* HatsView.swift in Sources */,
				732409BC2B18EBEF0056CA5D /* MainView.swift in Sources */,
				735FC4102AF3E9D700487DD3 /* UserInfo.swift in Sources */,
				732409E32B18EC1E0056CA5D /* ShortsView.swift in Sources */,
				421C7D282B1D080E00B1143D /* SeasonQuestionView.swift in Sources */,
				732409E92B18EC1E0056CA5D /* TankTopView.swift in Sources */,
				732409B52B18EBEF0056CA5D /* AddTopsView.swift in Sources */,
				732409B12B18EBEF0056CA5D /* SUImagePickerView.swift in Sources */,
				732409B42B18EBEF0056CA5D /* OuterWearView.swift in Sources */,
				732409E42B18EC1E0056CA5D /* LongSleeveView.swift in Sources */,
				732409EA2B18EC1E0056CA5D /* VestsView.swift in Sources */,
				421C7D262B1D02B700B1143D /* FeedView.swift in Sources */,
				732409C02B18EBEF0056CA5D /* AddShoesView.swift in Sources */,
				732409C22B18EBEF0056CA5D /* TopsView.swift in Sources */,
				732409E62B18EC1E0056CA5D /* SweaterView.swift in Sources */,
				732409BA2B18EBEF0056CA5D /* FullBodyView.swift in Sources */,
				733C7EB02AE1DE7E00CAAAD0 /* Database.swift in Sources */,
				732409B72B18EBEF0056CA5D /* AddClothingView.swift in Sources */,
				737C7D9D2AF9E2AB00B67F0D /* UserManager.swift in Sources */,
				421C7D2C2B1D09DA00B1143D /* ColorQuestionView.swift in Sources */,
				732409B62B18EBEF0056CA5D /* AddBottomsView.swift in Sources */,
				732409E82B18EC1E0056CA5D /* JewleryView.swift in Sources */,
				738DA4492AF16D400035117C /* CreateAcc.swift in Sources */,
				732409DC2B18EC1E0056CA5D /* DressesView.swift in Sources */,
				732409BD2B18EBEF0056CA5D /* AccountView.swift in Sources */,
				732409BB2B18EBEF0056CA5D /* ShoesView.swift in Sources */,
				732409C32B18EBEF0056CA5D /* AccessoriesView.swift in Sources */,
				732409E22B18EC1E0056CA5D /* CardiganView.swift in Sources */,
			);
			runOnlyForDeploymentPostprocessing = 0;
		};
/* End PBXSourcesBuildPhase section */

/* Begin XCBuildConfiguration section */
		733C7EB82AE1DE7F00CAAAD0 /* Debug */ = {
			isa = XCBuildConfiguration;
			buildSettings = {
				ALWAYS_SEARCH_USER_PATHS = NO;
				ASSETCATALOG_COMPILER_GENERATE_SWIFT_ASSET_SYMBOL_EXTENSIONS = YES;
				CLANG_ANALYZER_NONNULL = YES;
				CLANG_ANALYZER_NUMBER_OBJECT_CONVERSION = YES_AGGRESSIVE;
				CLANG_CXX_LANGUAGE_STANDARD = "gnu++20";
				CLANG_ENABLE_MODULES = YES;
				CLANG_ENABLE_OBJC_ARC = YES;
				CLANG_ENABLE_OBJC_WEAK = YES;
				CLANG_WARN_BLOCK_CAPTURE_AUTORELEASING = YES;
				CLANG_WARN_BOOL_CONVERSION = YES;
				CLANG_WARN_COMMA = YES;
				CLANG_WARN_CONSTANT_CONVERSION = YES;
				CLANG_WARN_DEPRECATED_OBJC_IMPLEMENTATIONS = YES;
				CLANG_WARN_DIRECT_OBJC_ISA_USAGE = YES_ERROR;
				CLANG_WARN_DOCUMENTATION_COMMENTS = YES;
				CLANG_WARN_EMPTY_BODY = YES;
				CLANG_WARN_ENUM_CONVERSION = YES;
				CLANG_WARN_INFINITE_RECURSION = YES;
				CLANG_WARN_INT_CONVERSION = YES;
				CLANG_WARN_NON_LITERAL_NULL_CONVERSION = YES;
				CLANG_WARN_OBJC_IMPLICIT_RETAIN_SELF = YES;
				CLANG_WARN_OBJC_LITERAL_CONVERSION = YES;
				CLANG_WARN_OBJC_ROOT_CLASS = YES_ERROR;
				CLANG_WARN_QUOTED_INCLUDE_IN_FRAMEWORK_HEADER = YES;
				CLANG_WARN_RANGE_LOOP_ANALYSIS = YES;
				CLANG_WARN_STRICT_PROTOTYPES = YES;
				CLANG_WARN_SUSPICIOUS_MOVE = YES;
				CLANG_WARN_UNGUARDED_AVAILABILITY = YES_AGGRESSIVE;
				CLANG_WARN_UNREACHABLE_CODE = YES;
				CLANG_WARN__DUPLICATE_METHOD_MATCH = YES;
				COPY_PHASE_STRIP = NO;
				DEBUG_INFORMATION_FORMAT = dwarf;
				ENABLE_STRICT_OBJC_MSGSEND = YES;
				ENABLE_TESTABILITY = YES;
				ENABLE_USER_SCRIPT_SANDBOXING = YES;
				GCC_C_LANGUAGE_STANDARD = gnu17;
				GCC_DYNAMIC_NO_PIC = NO;
				GCC_NO_COMMON_BLOCKS = YES;
				GCC_OPTIMIZATION_LEVEL = 0;
				GCC_PREPROCESSOR_DEFINITIONS = (
					"DEBUG=1",
					"$(inherited)",
				);
				GCC_WARN_64_TO_32_BIT_CONVERSION = YES;
				GCC_WARN_ABOUT_RETURN_TYPE = YES_ERROR;
				GCC_WARN_UNDECLARED_SELECTOR = YES;
				GCC_WARN_UNINITIALIZED_AUTOS = YES_AGGRESSIVE;
				GCC_WARN_UNUSED_FUNCTION = YES;
				GCC_WARN_UNUSED_VARIABLE = YES;
				IPHONEOS_DEPLOYMENT_TARGET = 17.0;
				LOCALIZATION_PREFERS_STRING_CATALOGS = YES;
				MTL_ENABLE_DEBUG_INFO = INCLUDE_SOURCE;
				MTL_FAST_MATH = YES;
				ONLY_ACTIVE_ARCH = YES;
				SDKROOT = iphoneos;
				SWIFT_ACTIVE_COMPILATION_CONDITIONS = "DEBUG $(inherited)";
				SWIFT_OPTIMIZATION_LEVEL = "-Onone";
			};
			name = Debug;
		};
		733C7EB92AE1DE7F00CAAAD0 /* Release */ = {
			isa = XCBuildConfiguration;
			buildSettings = {
				ALWAYS_SEARCH_USER_PATHS = NO;
				ASSETCATALOG_COMPILER_GENERATE_SWIFT_ASSET_SYMBOL_EXTENSIONS = YES;
				CLANG_ANALYZER_NONNULL = YES;
				CLANG_ANALYZER_NUMBER_OBJECT_CONVERSION = YES_AGGRESSIVE;
				CLANG_CXX_LANGUAGE_STANDARD = "gnu++20";
				CLANG_ENABLE_MODULES = YES;
				CLANG_ENABLE_OBJC_ARC = YES;
				CLANG_ENABLE_OBJC_WEAK = YES;
				CLANG_WARN_BLOCK_CAPTURE_AUTORELEASING = YES;
				CLANG_WARN_BOOL_CONVERSION = YES;
				CLANG_WARN_COMMA = YES;
				CLANG_WARN_CONSTANT_CONVERSION = YES;
				CLANG_WARN_DEPRECATED_OBJC_IMPLEMENTATIONS = YES;
				CLANG_WARN_DIRECT_OBJC_ISA_USAGE = YES_ERROR;
				CLANG_WARN_DOCUMENTATION_COMMENTS = YES;
				CLANG_WARN_EMPTY_BODY = YES;
				CLANG_WARN_ENUM_CONVERSION = YES;
				CLANG_WARN_INFINITE_RECURSION = YES;
				CLANG_WARN_INT_CONVERSION = YES;
				CLANG_WARN_NON_LITERAL_NULL_CONVERSION = YES;
				CLANG_WARN_OBJC_IMPLICIT_RETAIN_SELF = YES;
				CLANG_WARN_OBJC_LITERAL_CONVERSION = YES;
				CLANG_WARN_OBJC_ROOT_CLASS = YES_ERROR;
				CLANG_WARN_QUOTED_INCLUDE_IN_FRAMEWORK_HEADER = YES;
				CLANG_WARN_RANGE_LOOP_ANALYSIS = YES;
				CLANG_WARN_STRICT_PROTOTYPES = YES;
				CLANG_WARN_SUSPICIOUS_MOVE = YES;
				CLANG_WARN_UNGUARDED_AVAILABILITY = YES_AGGRESSIVE;
				CLANG_WARN_UNREACHABLE_CODE = YES;
				CLANG_WARN__DUPLICATE_METHOD_MATCH = YES;
				COPY_PHASE_STRIP = NO;
				DEBUG_INFORMATION_FORMAT = "dwarf-with-dsym";
				ENABLE_NS_ASSERTIONS = NO;
				ENABLE_STRICT_OBJC_MSGSEND = YES;
				ENABLE_USER_SCRIPT_SANDBOXING = YES;
				GCC_C_LANGUAGE_STANDARD = gnu17;
				GCC_NO_COMMON_BLOCKS = YES;
				GCC_WARN_64_TO_32_BIT_CONVERSION = YES;
				GCC_WARN_ABOUT_RETURN_TYPE = YES_ERROR;
				GCC_WARN_UNDECLARED_SELECTOR = YES;
				GCC_WARN_UNINITIALIZED_AUTOS = YES_AGGRESSIVE;
				GCC_WARN_UNUSED_FUNCTION = YES;
				GCC_WARN_UNUSED_VARIABLE = YES;
				IPHONEOS_DEPLOYMENT_TARGET = 17.0;
				LOCALIZATION_PREFERS_STRING_CATALOGS = YES;
				MTL_ENABLE_DEBUG_INFO = NO;
				MTL_FAST_MATH = YES;
				SDKROOT = iphoneos;
				SWIFT_COMPILATION_MODE = wholemodule;
				VALIDATE_PRODUCT = YES;
			};
			name = Release;
		};
		733C7EBB2AE1DE7F00CAAAD0 /* Debug */ = {
			isa = XCBuildConfiguration;
			buildSettings = {
				ASSETCATALOG_COMPILER_APPICON_NAME = AppIcon;
				ASSETCATALOG_COMPILER_GLOBAL_ACCENT_COLOR_NAME = AccentColor;
				CODE_SIGN_STYLE = Automatic;
				CURRENT_PROJECT_VERSION = 1;
				DEVELOPMENT_ASSET_PATHS = "\"backend/Preview Content\"";
				ENABLE_PREVIEWS = YES;
				GENERATE_INFOPLIST_FILE = YES;
				INFOPLIST_FILE = backend/Info.plist;
				INFOPLIST_KEY_UIApplicationSceneManifest_Generation = YES;
				INFOPLIST_KEY_UIApplicationSupportsIndirectInputEvents = YES;
				INFOPLIST_KEY_UILaunchScreen_Generation = YES;
				INFOPLIST_KEY_UISupportedInterfaceOrientations_iPad = "UIInterfaceOrientationPortrait UIInterfaceOrientationPortraitUpsideDown UIInterfaceOrientationLandscapeLeft UIInterfaceOrientationLandscapeRight";
				INFOPLIST_KEY_UISupportedInterfaceOrientations_iPhone = "UIInterfaceOrientationPortrait UIInterfaceOrientationLandscapeLeft UIInterfaceOrientationLandscapeRight";
				LD_RUNPATH_SEARCH_PATHS = (
					"$(inherited)",
					"@executable_path/Frameworks",
				);
				MARKETING_VERSION = 1.0;
				PRODUCT_BUNDLE_IDENTIFIER = FitCheck.backend;
				PRODUCT_NAME = "$(TARGET_NAME)";
				SWIFT_EMIT_LOC_STRINGS = YES;
				SWIFT_VERSION = 5.0;
				TARGETED_DEVICE_FAMILY = "1,2";
			};
			name = Debug;
		};
		733C7EBC2AE1DE7F00CAAAD0 /* Release */ = {
			isa = XCBuildConfiguration;
			buildSettings = {
				ASSETCATALOG_COMPILER_APPICON_NAME = AppIcon;
				ASSETCATALOG_COMPILER_GLOBAL_ACCENT_COLOR_NAME = AccentColor;
				CODE_SIGN_STYLE = Automatic;
				CURRENT_PROJECT_VERSION = 1;
				DEVELOPMENT_ASSET_PATHS = "\"backend/Preview Content\"";
				ENABLE_PREVIEWS = YES;
				GENERATE_INFOPLIST_FILE = YES;
				INFOPLIST_FILE = backend/Info.plist;
				INFOPLIST_KEY_UIApplicationSceneManifest_Generation = YES;
				INFOPLIST_KEY_UIApplicationSupportsIndirectInputEvents = YES;
				INFOPLIST_KEY_UILaunchScreen_Generation = YES;
				INFOPLIST_KEY_UISupportedInterfaceOrientations_iPad = "UIInterfaceOrientationPortrait UIInterfaceOrientationPortraitUpsideDown UIInterfaceOrientationLandscapeLeft UIInterfaceOrientationLandscapeRight";
				INFOPLIST_KEY_UISupportedInterfaceOrientations_iPhone = "UIInterfaceOrientationPortrait UIInterfaceOrientationLandscapeLeft UIInterfaceOrientationLandscapeRight";
				LD_RUNPATH_SEARCH_PATHS = (
					"$(inherited)",
					"@executable_path/Frameworks",
				);
				MARKETING_VERSION = 1.0;
				PRODUCT_BUNDLE_IDENTIFIER = FitCheck.backend;
				PRODUCT_NAME = "$(TARGET_NAME)";
				SWIFT_EMIT_LOC_STRINGS = YES;
				SWIFT_VERSION = 5.0;
				TARGETED_DEVICE_FAMILY = "1,2";
			};
			name = Release;
		};
/* End XCBuildConfiguration section */

/* Begin XCConfigurationList section */
		733C7EA72AE1DE7D00CAAAD0 /* Build configuration list for PBXProject "FitCheck" */ = {
			isa = XCConfigurationList;
			buildConfigurations = (
				733C7EB82AE1DE7F00CAAAD0 /* Debug */,
				733C7EB92AE1DE7F00CAAAD0 /* Release */,
			);
			defaultConfigurationIsVisible = 0;
			defaultConfigurationName = Release;
		};
		733C7EBA2AE1DE7F00CAAAD0 /* Build configuration list for PBXNativeTarget "FitCheck" */ = {
			isa = XCConfigurationList;
			buildConfigurations = (
				733C7EBB2AE1DE7F00CAAAD0 /* Debug */,
				733C7EBC2AE1DE7F00CAAAD0 /* Release */,
			);
			defaultConfigurationIsVisible = 0;
			defaultConfigurationName = Release;
		};
/* End XCConfigurationList section */

/* Begin XCRemoteSwiftPackageReference section */
		733C7EBF2AE1E03E00CAAAD0 /* XCRemoteSwiftPackageReference "firebase-ios-sdk" */ = {
			isa = XCRemoteSwiftPackageReference;
			repositoryURL = "https://github.com/firebase/firebase-ios-sdk";
			requirement = {
				kind = upToNextMajorVersion;
				minimumVersion = 10.16.0;
			};
		};
/* End XCRemoteSwiftPackageReference section */

/* Begin XCSwiftPackageProductDependency section */
		733C7EC02AE1E03E00CAAAD0 /* FirebaseAnalytics */ = {
			isa = XCSwiftPackageProductDependency;
			package = 733C7EBF2AE1E03E00CAAAD0 /* XCRemoteSwiftPackageReference "firebase-ios-sdk" */;
			productName = FirebaseAnalytics;
		};
		733C7EC22AE1E03E00CAAAD0 /* FirebaseAnalyticsOnDeviceConversion */ = {
			isa = XCSwiftPackageProductDependency;
			package = 733C7EBF2AE1E03E00CAAAD0 /* XCRemoteSwiftPackageReference "firebase-ios-sdk" */;
			productName = FirebaseAnalyticsOnDeviceConversion;
		};
		733C7EC42AE1E03E00CAAAD0 /* FirebaseAnalyticsSwift */ = {
			isa = XCSwiftPackageProductDependency;
			package = 733C7EBF2AE1E03E00CAAAD0 /* XCRemoteSwiftPackageReference "firebase-ios-sdk" */;
			productName = FirebaseAnalyticsSwift;
		};
		733C7EC62AE1E03E00CAAAD0 /* FirebaseAnalyticsWithoutAdIdSupport */ = {
			isa = XCSwiftPackageProductDependency;
			package = 733C7EBF2AE1E03E00CAAAD0 /* XCRemoteSwiftPackageReference "firebase-ios-sdk" */;
			productName = FirebaseAnalyticsWithoutAdIdSupport;
		};
		733C7EC82AE1E03E00CAAAD0 /* FirebaseAppCheck */ = {
			isa = XCSwiftPackageProductDependency;
			package = 733C7EBF2AE1E03E00CAAAD0 /* XCRemoteSwiftPackageReference "firebase-ios-sdk" */;
			productName = FirebaseAppCheck;
		};
		733C7ECA2AE1E03E00CAAAD0 /* FirebaseAppDistribution-Beta */ = {
			isa = XCSwiftPackageProductDependency;
			package = 733C7EBF2AE1E03E00CAAAD0 /* XCRemoteSwiftPackageReference "firebase-ios-sdk" */;
			productName = "FirebaseAppDistribution-Beta";
		};
		733C7ECC2AE1E03E00CAAAD0 /* FirebaseAuth */ = {
			isa = XCSwiftPackageProductDependency;
			package = 733C7EBF2AE1E03E00CAAAD0 /* XCRemoteSwiftPackageReference "firebase-ios-sdk" */;
			productName = FirebaseAuth;
		};
		733C7ECE2AE1E03E00CAAAD0 /* FirebaseAuthCombine-Community */ = {
			isa = XCSwiftPackageProductDependency;
			package = 733C7EBF2AE1E03E00CAAAD0 /* XCRemoteSwiftPackageReference "firebase-ios-sdk" */;
			productName = "FirebaseAuthCombine-Community";
		};
		733C7ED02AE1E03E00CAAAD0 /* FirebaseCrashlytics */ = {
			isa = XCSwiftPackageProductDependency;
			package = 733C7EBF2AE1E03E00CAAAD0 /* XCRemoteSwiftPackageReference "firebase-ios-sdk" */;
			productName = FirebaseCrashlytics;
		};
		733C7ED22AE1E03E00CAAAD0 /* FirebaseDatabase */ = {
			isa = XCSwiftPackageProductDependency;
			package = 733C7EBF2AE1E03E00CAAAD0 /* XCRemoteSwiftPackageReference "firebase-ios-sdk" */;
			productName = FirebaseDatabase;
		};
		733C7ED42AE1E03E00CAAAD0 /* FirebaseDatabaseSwift */ = {
			isa = XCSwiftPackageProductDependency;
			package = 733C7EBF2AE1E03E00CAAAD0 /* XCRemoteSwiftPackageReference "firebase-ios-sdk" */;
			productName = FirebaseDatabaseSwift;
		};
		733C7ED62AE1E03E00CAAAD0 /* FirebaseDynamicLinks */ = {
			isa = XCSwiftPackageProductDependency;
			package = 733C7EBF2AE1E03E00CAAAD0 /* XCRemoteSwiftPackageReference "firebase-ios-sdk" */;
			productName = FirebaseDynamicLinks;
		};
		733C7ED82AE1E03E00CAAAD0 /* FirebaseFirestore */ = {
			isa = XCSwiftPackageProductDependency;
			package = 733C7EBF2AE1E03E00CAAAD0 /* XCRemoteSwiftPackageReference "firebase-ios-sdk" */;
			productName = FirebaseFirestore;
		};
		733C7EDA2AE1E03E00CAAAD0 /* FirebaseFirestoreCombine-Community */ = {
			isa = XCSwiftPackageProductDependency;
			package = 733C7EBF2AE1E03E00CAAAD0 /* XCRemoteSwiftPackageReference "firebase-ios-sdk" */;
			productName = "FirebaseFirestoreCombine-Community";
		};
		733C7EDC2AE1E03E00CAAAD0 /* FirebaseFirestoreSwift */ = {
			isa = XCSwiftPackageProductDependency;
			package = 733C7EBF2AE1E03E00CAAAD0 /* XCRemoteSwiftPackageReference "firebase-ios-sdk" */;
			productName = FirebaseFirestoreSwift;
		};
		733C7EDE2AE1E03E00CAAAD0 /* FirebaseFunctions */ = {
			isa = XCSwiftPackageProductDependency;
			package = 733C7EBF2AE1E03E00CAAAD0 /* XCRemoteSwiftPackageReference "firebase-ios-sdk" */;
			productName = FirebaseFunctions;
		};
		733C7EE02AE1E03E00CAAAD0 /* FirebaseFunctionsCombine-Community */ = {
			isa = XCSwiftPackageProductDependency;
			package = 733C7EBF2AE1E03E00CAAAD0 /* XCRemoteSwiftPackageReference "firebase-ios-sdk" */;
			productName = "FirebaseFunctionsCombine-Community";
		};
		733C7EE22AE1E03E00CAAAD0 /* FirebaseInAppMessaging-Beta */ = {
			isa = XCSwiftPackageProductDependency;
			package = 733C7EBF2AE1E03E00CAAAD0 /* XCRemoteSwiftPackageReference "firebase-ios-sdk" */;
			productName = "FirebaseInAppMessaging-Beta";
		};
		733C7EE42AE1E03E00CAAAD0 /* FirebaseInAppMessagingSwift-Beta */ = {
			isa = XCSwiftPackageProductDependency;
			package = 733C7EBF2AE1E03E00CAAAD0 /* XCRemoteSwiftPackageReference "firebase-ios-sdk" */;
			productName = "FirebaseInAppMessagingSwift-Beta";
		};
		733C7EE62AE1E03E00CAAAD0 /* FirebaseInstallations */ = {
			isa = XCSwiftPackageProductDependency;
			package = 733C7EBF2AE1E03E00CAAAD0 /* XCRemoteSwiftPackageReference "firebase-ios-sdk" */;
			productName = FirebaseInstallations;
		};
		733C7EE82AE1E03E00CAAAD0 /* FirebaseMLModelDownloader */ = {
			isa = XCSwiftPackageProductDependency;
			package = 733C7EBF2AE1E03E00CAAAD0 /* XCRemoteSwiftPackageReference "firebase-ios-sdk" */;
			productName = FirebaseMLModelDownloader;
		};
		733C7EEA2AE1E03E00CAAAD0 /* FirebaseMessaging */ = {
			isa = XCSwiftPackageProductDependency;
			package = 733C7EBF2AE1E03E00CAAAD0 /* XCRemoteSwiftPackageReference "firebase-ios-sdk" */;
			productName = FirebaseMessaging;
		};
		733C7EEC2AE1E03E00CAAAD0 /* FirebasePerformance */ = {
			isa = XCSwiftPackageProductDependency;
			package = 733C7EBF2AE1E03E00CAAAD0 /* XCRemoteSwiftPackageReference "firebase-ios-sdk" */;
			productName = FirebasePerformance;
		};
		733C7EEE2AE1E03E00CAAAD0 /* FirebaseRemoteConfig */ = {
			isa = XCSwiftPackageProductDependency;
			package = 733C7EBF2AE1E03E00CAAAD0 /* XCRemoteSwiftPackageReference "firebase-ios-sdk" */;
			productName = FirebaseRemoteConfig;
		};
		733C7EF02AE1E03E00CAAAD0 /* FirebaseRemoteConfigSwift */ = {
			isa = XCSwiftPackageProductDependency;
			package = 733C7EBF2AE1E03E00CAAAD0 /* XCRemoteSwiftPackageReference "firebase-ios-sdk" */;
			productName = FirebaseRemoteConfigSwift;
		};
		733C7EF22AE1E03E00CAAAD0 /* FirebaseStorage */ = {
			isa = XCSwiftPackageProductDependency;
			package = 733C7EBF2AE1E03E00CAAAD0 /* XCRemoteSwiftPackageReference "firebase-ios-sdk" */;
			productName = FirebaseStorage;
		};
		733C7EF42AE1E03E00CAAAD0 /* FirebaseStorageCombine-Community */ = {
			isa = XCSwiftPackageProductDependency;
			package = 733C7EBF2AE1E03E00CAAAD0 /* XCRemoteSwiftPackageReference "firebase-ios-sdk" */;
			productName = "FirebaseStorageCombine-Community";
		};
/* End XCSwiftPackageProductDependency section */
	};
	rootObject = 733C7EA42AE1DE7D00CAAAD0 /* Project object */;
}
